
Microsoft Visual Studio Solution File, Format Version 12.00
Project("{2150E333-8FDC-42A3-9474-1A3956D46DE8}") = ".SolutionItems", ".SolutionItems", "{6097750C-A7D6-486D-A176-3AB0F9820549}"
	ProjectSection(SolutionItems) = preProject
		tye.yaml = tye.yaml
		README.md = README.md
		mkdocs.yaml = mkdocs.yaml
	EndProjectSection
EndProject
Project("{2150E333-8FDC-42A3-9474-1A3956D46DE8}") = "pipeline", "pipeline", "{DE9F3B79-771D-4F22-8707-3C4ED95D02F4}"
	ProjectSection(SolutionItems) = preProject
		.github\workflows\dotnet.yml = .github\workflows\dotnet.yml
	EndProjectSection
EndProject
Project("{2150E333-8FDC-42A3-9474-1A3956D46DE8}") = "infrastructure", "infrastructure", "{3A2E6D77-39E8-464A-A857-5DDF129436F8}"
EndProject
Project("{2150E333-8FDC-42A3-9474-1A3956D46DE8}") = "src", "src", "{9EE2E1F4-F379-4F5A-A48F-E7470076EBB9}"
EndProject
Project("{2150E333-8FDC-42A3-9474-1A3956D46DE8}") = "tests", "tests", "{5CD3C74B-E10B-4E6B-B155-1F919F2518D8}"
EndProject
Project("{2150E333-8FDC-42A3-9474-1A3956D46DE8}") = "BankAccount", "BankAccount", "{0F115380-99AD-47E1-B73D-5EBD214755F1}"
EndProject
Project("{2150E333-8FDC-42A3-9474-1A3956D46DE8}") = "CreditCardAccount", "CreditCardAccount", "{628842F6-A48F-4970-8E78-D412063AB955}"
EndProject
Project("{2150E333-8FDC-42A3-9474-1A3956D46DE8}") = "BankAccount", "BankAccount", "{9D9873EB-36C3-4258-A5F1-E2584D5D088A}"
EndProject
Project("{2150E333-8FDC-42A3-9474-1A3956D46DE8}") = "CreditCardAccount", "CreditCardAccount", "{9AF879E2-D78B-4F1C-994F-687C07B593BD}"
EndProject
Project("{FAE04EC0-301F-11D3-BF4B-00C04F79EFBC}") = "BankAccountModule.Api", "src\services\BankAccount\BankAccountModule.Api\BankAccountModule.Api.csproj", "{5C63E4FA-FA8C-4037-89AA-F7BA83D1BF65}"
EndProject
Project("{FAE04EC0-301F-11D3-BF4B-00C04F79EFBC}") = "BankAccountModule.Application", "src\services\BankAccount\BankAccountModule.Application\BankAccountModule.Application.csproj", "{8CA5ABAA-FDA9-4421-AFE0-CDCF39A9BADE}"
EndProject
Project("{FAE04EC0-301F-11D3-BF4B-00C04F79EFBC}") = "BankAccountModule.Domain", "src\services\BankAccount\BankAccountModule.Domain\BankAccountModule.Domain.csproj", "{560A6B08-3426-4BC7-A0D0-90098E0BAF66}"
EndProject
Project("{FAE04EC0-301F-11D3-BF4B-00C04F79EFBC}") = "BankAccountModule.Api.Tests", "tests\BankAccount\BankAccountModule.Api.Tests\BankAccountModule.Api.Tests.csproj", "{C1945D76-D232-46A3-B65F-C0F0AAD0A7BA}"
EndProject
Project("{FAE04EC0-301F-11D3-BF4B-00C04F79EFBC}") = "BankAccountModule.Domain.Tests.Unit", "tests\BankAccount\BankAccountModule.Domain.Tests.Unit\BankAccountModule.Domain.Tests.Unit.csproj", "{8D43BB21-4E44-456E-9E0E-09718C02EF83}"
EndProject
Project("{FAE04EC0-301F-11D3-BF4B-00C04F79EFBC}") = "CreditCardModule.Api.Tests", "tests\CreditCardAccount\CreditCardModule.Api.Tests\CreditCardModule.Api.Tests.csproj", "{ECFB7D60-0A08-47A4-86F4-99037244E218}"
EndProject
Project("{FAE04EC0-301F-11D3-BF4B-00C04F79EFBC}") = "CreditCardModule.Domain.Tests.Unit", "tests\CreditCardAccount\CreditCardModule.Domain.Tests.Unit\CreditCardModule.Domain.Tests.Unit.csproj", "{D90E935B-5A3A-45C4-ACFD-0548B9652855}"
EndProject
Project("{FAE04EC0-301F-11D3-BF4B-00C04F79EFBC}") = "CreditCardModule.Api", "src\services\CreditCardAccount\CreditCardModule.Api\CreditCardModule.Api.csproj", "{61F45E51-6397-46AC-AF1F-682809B81F39}"
EndProject
Project("{FAE04EC0-301F-11D3-BF4B-00C04F79EFBC}") = "CreditCardModule.Application", "src\services\CreditCardAccount\CreditCardModule.Application\CreditCardModule.Application.csproj", "{24D97732-279F-4708-B0A5-15FD0F5D319F}"
EndProject
Project("{FAE04EC0-301F-11D3-BF4B-00C04F79EFBC}") = "CreditCardModule.Db.SqlServer", "src\services\CreditCardAccount\CreditCardModule.Db.SqlServer\CreditCardModule.Db.SqlServer.csproj", "{0D960176-C8C1-45DC-95C3-E6F5DAC1F1B2}"
EndProject
Project("{FAE04EC0-301F-11D3-BF4B-00C04F79EFBC}") = "CreditCardModule.Domain", "src\services\CreditCardAccount\CreditCardModule.Domain\CreditCardModule.Domain.csproj", "{4D095630-4638-40C6-ADBC-2D9354B41A25}"
EndProject
Project("{FAE04EC0-301F-11D3-BF4B-00C04F79EFBC}") = "Gateway", "src\services\Gateway\Gateway.csproj", "{BCCB466A-1CEA-4D6C-963D-82FA16E259F4}"
EndProject
Project("{FAE04EC0-301F-11D3-BF4B-00C04F79EFBC}") = "Web.Common", "src\Web.Common\Web.Common.csproj", "{E220B1D5-D866-4623-9A63-5AA81EF93302}"
EndProject
Project("{FAE04EC0-301F-11D3-BF4B-00C04F79EFBC}") = "Db.SqlServer.SeedData", "src\Db.SqlServer.SeedData\Db.SqlServer.SeedData.csproj", "{BB2A8A38-6961-44E1-825C-A29132CDB54C}"
EndProject
Project("{FAE04EC0-301F-11D3-BF4B-00C04F79EFBC}") = "BankAccountModule.Db.SqlServer", "src\services\BankAccount\BankAccountModule.Db.SqlServer\BankAccountModule.Db.SqlServer.csproj", "{EA1B0A05-D18C-41C7-92C3-984820DEE992}"
EndProject
Project("{FAE04EC0-301F-11D3-BF4B-00C04F79EFBC}") = "Db.SqlServer.Common", "src\Db.SqlServer.Common\Db.SqlServer.Common.csproj", "{F115F440-880A-4C8B-8027-9B7B2441DEBB}"
EndProject
Global
	GlobalSection(SolutionConfigurationPlatforms) = preSolution
		Debug|Any CPU = Debug|Any CPU
		Release|Any CPU = Release|Any CPU
		IntegrationTests|Any CPU = IntegrationTests|Any CPU
	EndGlobalSection
	GlobalSection(ProjectConfigurationPlatforms) = postSolution
		{5C63E4FA-FA8C-4037-89AA-F7BA83D1BF65}.Debug|Any CPU.ActiveCfg = Debug|Any CPU
		{5C63E4FA-FA8C-4037-89AA-F7BA83D1BF65}.Debug|Any CPU.Build.0 = Debug|Any CPU
		{5C63E4FA-FA8C-4037-89AA-F7BA83D1BF65}.Release|Any CPU.ActiveCfg = Release|Any CPU
		{5C63E4FA-FA8C-4037-89AA-F7BA83D1BF65}.Release|Any CPU.Build.0 = Release|Any CPU
		{5C63E4FA-FA8C-4037-89AA-F7BA83D1BF65}.IntegrationTests|Any CPU.ActiveCfg = Debug|Any CPU
		{5C63E4FA-FA8C-4037-89AA-F7BA83D1BF65}.IntegrationTests|Any CPU.Build.0 = Debug|Any CPU
		{8CA5ABAA-FDA9-4421-AFE0-CDCF39A9BADE}.Debug|Any CPU.ActiveCfg = Debug|Any CPU
		{8CA5ABAA-FDA9-4421-AFE0-CDCF39A9BADE}.Debug|Any CPU.Build.0 = Debug|Any CPU
		{8CA5ABAA-FDA9-4421-AFE0-CDCF39A9BADE}.Release|Any CPU.ActiveCfg = Release|Any CPU
		{8CA5ABAA-FDA9-4421-AFE0-CDCF39A9BADE}.Release|Any CPU.Build.0 = Release|Any CPU
		{8CA5ABAA-FDA9-4421-AFE0-CDCF39A9BADE}.IntegrationTests|Any CPU.ActiveCfg = Debug|Any CPU
		{8CA5ABAA-FDA9-4421-AFE0-CDCF39A9BADE}.IntegrationTests|Any CPU.Build.0 = Debug|Any CPU
		{560A6B08-3426-4BC7-A0D0-90098E0BAF66}.Debug|Any CPU.ActiveCfg = Debug|Any CPU
		{560A6B08-3426-4BC7-A0D0-90098E0BAF66}.Debug|Any CPU.Build.0 = Debug|Any CPU
		{560A6B08-3426-4BC7-A0D0-90098E0BAF66}.Release|Any CPU.ActiveCfg = Release|Any CPU
		{560A6B08-3426-4BC7-A0D0-90098E0BAF66}.Release|Any CPU.Build.0 = Release|Any CPU
		{560A6B08-3426-4BC7-A0D0-90098E0BAF66}.IntegrationTests|Any CPU.ActiveCfg = Debug|Any CPU
		{560A6B08-3426-4BC7-A0D0-90098E0BAF66}.IntegrationTests|Any CPU.Build.0 = Debug|Any CPU
		{C1945D76-D232-46A3-B65F-C0F0AAD0A7BA}.Debug|Any CPU.ActiveCfg = Debug|Any CPU
		{C1945D76-D232-46A3-B65F-C0F0AAD0A7BA}.Debug|Any CPU.Build.0 = Debug|Any CPU
		{C1945D76-D232-46A3-B65F-C0F0AAD0A7BA}.Release|Any CPU.ActiveCfg = Release|Any CPU
		{C1945D76-D232-46A3-B65F-C0F0AAD0A7BA}.Release|Any CPU.Build.0 = Release|Any CPU
		{C1945D76-D232-46A3-B65F-C0F0AAD0A7BA}.IntegrationTests|Any CPU.ActiveCfg = IntegrationTests|Any CPU
		{C1945D76-D232-46A3-B65F-C0F0AAD0A7BA}.IntegrationTests|Any CPU.Build.0 = IntegrationTests|Any CPU
		{8D43BB21-4E44-456E-9E0E-09718C02EF83}.Debug|Any CPU.ActiveCfg = Debug|Any CPU
		{8D43BB21-4E44-456E-9E0E-09718C02EF83}.Debug|Any CPU.Build.0 = Debug|Any CPU
		{8D43BB21-4E44-456E-9E0E-09718C02EF83}.Release|Any CPU.ActiveCfg = Release|Any CPU
		{8D43BB21-4E44-456E-9E0E-09718C02EF83}.Release|Any CPU.Build.0 = Release|Any CPU
		{8D43BB21-4E44-456E-9E0E-09718C02EF83}.IntegrationTests|Any CPU.ActiveCfg = IntegrationTests|Any CPU
		{8D43BB21-4E44-456E-9E0E-09718C02EF83}.IntegrationTests|Any CPU.Build.0 = IntegrationTests|Any CPU
		{ECFB7D60-0A08-47A4-86F4-99037244E218}.Debug|Any CPU.ActiveCfg = Debug|Any CPU
		{ECFB7D60-0A08-47A4-86F4-99037244E218}.Debug|Any CPU.Build.0 = Debug|Any CPU
		{ECFB7D60-0A08-47A4-86F4-99037244E218}.Release|Any CPU.ActiveCfg = Release|Any CPU
		{ECFB7D60-0A08-47A4-86F4-99037244E218}.Release|Any CPU.Build.0 = Release|Any CPU
		{ECFB7D60-0A08-47A4-86F4-99037244E218}.IntegrationTests|Any CPU.ActiveCfg = IntegrationTests|Any CPU
		{ECFB7D60-0A08-47A4-86F4-99037244E218}.IntegrationTests|Any CPU.Build.0 = IntegrationTests|Any CPU
		{D90E935B-5A3A-45C4-ACFD-0548B9652855}.Debug|Any CPU.ActiveCfg = Debug|Any CPU
		{D90E935B-5A3A-45C4-ACFD-0548B9652855}.Debug|Any CPU.Build.0 = Debug|Any CPU
		{D90E935B-5A3A-45C4-ACFD-0548B9652855}.Release|Any CPU.ActiveCfg = Release|Any CPU
		{D90E935B-5A3A-45C4-ACFD-0548B9652855}.Release|Any CPU.Build.0 = Release|Any CPU
		{D90E935B-5A3A-45C4-ACFD-0548B9652855}.IntegrationTests|Any CPU.ActiveCfg = IntegrationTests|Any CPU
		{D90E935B-5A3A-45C4-ACFD-0548B9652855}.IntegrationTests|Any CPU.Build.0 = IntegrationTests|Any CPU
		{61F45E51-6397-46AC-AF1F-682809B81F39}.Debug|Any CPU.ActiveCfg = Debug|Any CPU
		{61F45E51-6397-46AC-AF1F-682809B81F39}.Debug|Any CPU.Build.0 = Debug|Any CPU
		{61F45E51-6397-46AC-AF1F-682809B81F39}.Release|Any CPU.ActiveCfg = Release|Any CPU
		{61F45E51-6397-46AC-AF1F-682809B81F39}.Release|Any CPU.Build.0 = Release|Any CPU
		{61F45E51-6397-46AC-AF1F-682809B81F39}.IntegrationTests|Any CPU.ActiveCfg = Debug|Any CPU
		{61F45E51-6397-46AC-AF1F-682809B81F39}.IntegrationTests|Any CPU.Build.0 = Debug|Any CPU
		{24D97732-279F-4708-B0A5-15FD0F5D319F}.Debug|Any CPU.ActiveCfg = Debug|Any CPU
		{24D97732-279F-4708-B0A5-15FD0F5D319F}.Debug|Any CPU.Build.0 = Debug|Any CPU
		{24D97732-279F-4708-B0A5-15FD0F5D319F}.Release|Any CPU.ActiveCfg = Release|Any CPU
		{24D97732-279F-4708-B0A5-15FD0F5D319F}.Release|Any CPU.Build.0 = Release|Any CPU
		{24D97732-279F-4708-B0A5-15FD0F5D319F}.IntegrationTests|Any CPU.ActiveCfg = Debug|Any CPU
		{24D97732-279F-4708-B0A5-15FD0F5D319F}.IntegrationTests|Any CPU.Build.0 = Debug|Any CPU
		{0D960176-C8C1-45DC-95C3-E6F5DAC1F1B2}.Debug|Any CPU.ActiveCfg = Debug|Any CPU
		{0D960176-C8C1-45DC-95C3-E6F5DAC1F1B2}.Debug|Any CPU.Build.0 = Debug|Any CPU
		{0D960176-C8C1-45DC-95C3-E6F5DAC1F1B2}.Release|Any CPU.ActiveCfg = Release|Any CPU
		{0D960176-C8C1-45DC-95C3-E6F5DAC1F1B2}.Release|Any CPU.Build.0 = Release|Any CPU
		{0D960176-C8C1-45DC-95C3-E6F5DAC1F1B2}.IntegrationTests|Any CPU.ActiveCfg = Debug|Any CPU
		{0D960176-C8C1-45DC-95C3-E6F5DAC1F1B2}.IntegrationTests|Any CPU.Build.0 = Debug|Any CPU
		{4D095630-4638-40C6-ADBC-2D9354B41A25}.Debug|Any CPU.ActiveCfg = Debug|Any CPU
		{4D095630-4638-40C6-ADBC-2D9354B41A25}.Debug|Any CPU.Build.0 = Debug|Any CPU
		{4D095630-4638-40C6-ADBC-2D9354B41A25}.Release|Any CPU.ActiveCfg = Release|Any CPU
		{4D095630-4638-40C6-ADBC-2D9354B41A25}.Release|Any CPU.Build.0 = Release|Any CPU
		{4D095630-4638-40C6-ADBC-2D9354B41A25}.IntegrationTests|Any CPU.ActiveCfg = Debug|Any CPU
		{4D095630-4638-40C6-ADBC-2D9354B41A25}.IntegrationTests|Any CPU.Build.0 = Debug|Any CPU
		{BCCB466A-1CEA-4D6C-963D-82FA16E259F4}.Debug|Any CPU.ActiveCfg = Debug|Any CPU
		{BCCB466A-1CEA-4D6C-963D-82FA16E259F4}.Debug|Any CPU.Build.0 = Debug|Any CPU
		{BCCB466A-1CEA-4D6C-963D-82FA16E259F4}.Release|Any CPU.ActiveCfg = Release|Any CPU
		{BCCB466A-1CEA-4D6C-963D-82FA16E259F4}.Release|Any CPU.Build.0 = Release|Any CPU
		{BCCB466A-1CEA-4D6C-963D-82FA16E259F4}.IntegrationTests|Any CPU.ActiveCfg = Debug|Any CPU
		{BCCB466A-1CEA-4D6C-963D-82FA16E259F4}.IntegrationTests|Any CPU.Build.0 = Debug|Any CPU
		{E220B1D5-D866-4623-9A63-5AA81EF93302}.Debug|Any CPU.ActiveCfg = Debug|Any CPU
		{E220B1D5-D866-4623-9A63-5AA81EF93302}.Debug|Any CPU.Build.0 = Debug|Any CPU
		{E220B1D5-D866-4623-9A63-5AA81EF93302}.Release|Any CPU.ActiveCfg = Release|Any CPU
		{E220B1D5-D866-4623-9A63-5AA81EF93302}.Release|Any CPU.Build.0 = Release|Any CPU
		{E220B1D5-D866-4623-9A63-5AA81EF93302}.IntegrationTests|Any CPU.ActiveCfg = Debug|Any CPU
		{E220B1D5-D866-4623-9A63-5AA81EF93302}.IntegrationTests|Any CPU.Build.0 = Debug|Any CPU
		{BB2A8A38-6961-44E1-825C-A29132CDB54C}.Debug|Any CPU.ActiveCfg = Debug|Any CPU
		{BB2A8A38-6961-44E1-825C-A29132CDB54C}.Debug|Any CPU.Build.0 = Debug|Any CPU
		{BB2A8A38-6961-44E1-825C-A29132CDB54C}.Release|Any CPU.ActiveCfg = Release|Any CPU
		{BB2A8A38-6961-44E1-825C-A29132CDB54C}.Release|Any CPU.Build.0 = Release|Any CPU
		{BB2A8A38-6961-44E1-825C-A29132CDB54C}.IntegrationTests|Any CPU.ActiveCfg = Debug|Any CPU
		{BB2A8A38-6961-44E1-825C-A29132CDB54C}.IntegrationTests|Any CPU.Build.0 = Debug|Any CPU
		{EA1B0A05-D18C-41C7-92C3-984820DEE992}.Debug|Any CPU.ActiveCfg = Debug|Any CPU
		{EA1B0A05-D18C-41C7-92C3-984820DEE992}.Debug|Any CPU.Build.0 = Debug|Any CPU
		{EA1B0A05-D18C-41C7-92C3-984820DEE992}.Release|Any CPU.ActiveCfg = Release|Any CPU
		{EA1B0A05-D18C-41C7-92C3-984820DEE992}.Release|Any CPU.Build.0 = Release|Any CPU
		{EA1B0A05-D18C-41C7-92C3-984820DEE992}.IntegrationTests|Any CPU.ActiveCfg = Debug|Any CPU
		{EA1B0A05-D18C-41C7-92C3-984820DEE992}.IntegrationTests|Any CPU.Build.0 = Debug|Any CPU
		{F115F440-880A-4C8B-8027-9B7B2441DEBB}.Debug|Any CPU.ActiveCfg = Debug|Any CPU
		{F115F440-880A-4C8B-8027-9B7B2441DEBB}.Debug|Any CPU.Build.0 = Debug|Any CPU
		{F115F440-880A-4C8B-8027-9B7B2441DEBB}.Release|Any CPU.ActiveCfg = Release|Any CPU
		{F115F440-880A-4C8B-8027-9B7B2441DEBB}.Release|Any CPU.Build.0 = Release|Any CPU
		{F115F440-880A-4C8B-8027-9B7B2441DEBB}.IntegrationTests|Any CPU.ActiveCfg = Debug|Any CPU
		{F115F440-880A-4C8B-8027-9B7B2441DEBB}.IntegrationTests|Any CPU.Build.0 = Debug|Any CPU
	EndGlobalSection
	GlobalSection(NestedProjects) = preSolution
		{DE9F3B79-771D-4F22-8707-3C4ED95D02F4} = {6097750C-A7D6-486D-A176-3AB0F9820549}
		{0F115380-99AD-47E1-B73D-5EBD214755F1} = {5CD3C74B-E10B-4E6B-B155-1F919F2518D8}
		{628842F6-A48F-4970-8E78-D412063AB955} = {5CD3C74B-E10B-4E6B-B155-1F919F2518D8}
		{9D9873EB-36C3-4258-A5F1-E2584D5D088A} = {9EE2E1F4-F379-4F5A-A48F-E7470076EBB9}
		{9AF879E2-D78B-4F1C-994F-687C07B593BD} = {9EE2E1F4-F379-4F5A-A48F-E7470076EBB9}
		{3A2E6D77-39E8-464A-A857-5DDF129436F8} = {9EE2E1F4-F379-4F5A-A48F-E7470076EBB9}
		{5C63E4FA-FA8C-4037-89AA-F7BA83D1BF65} = {9D9873EB-36C3-4258-A5F1-E2584D5D088A}
		{8CA5ABAA-FDA9-4421-AFE0-CDCF39A9BADE} = {9D9873EB-36C3-4258-A5F1-E2584D5D088A}
		{560A6B08-3426-4BC7-A0D0-90098E0BAF66} = {9D9873EB-36C3-4258-A5F1-E2584D5D088A}
		{C1945D76-D232-46A3-B65F-C0F0AAD0A7BA} = {0F115380-99AD-47E1-B73D-5EBD214755F1}
		{8D43BB21-4E44-456E-9E0E-09718C02EF83} = {0F115380-99AD-47E1-B73D-5EBD214755F1}
		{ECFB7D60-0A08-47A4-86F4-99037244E218} = {628842F6-A48F-4970-8E78-D412063AB955}
		{D90E935B-5A3A-45C4-ACFD-0548B9652855} = {628842F6-A48F-4970-8E78-D412063AB955}
		{61F45E51-6397-46AC-AF1F-682809B81F39} = {9AF879E2-D78B-4F1C-994F-687C07B593BD}
		{24D97732-279F-4708-B0A5-15FD0F5D319F} = {9AF879E2-D78B-4F1C-994F-687C07B593BD}
		{0D960176-C8C1-45DC-95C3-E6F5DAC1F1B2} = {9AF879E2-D78B-4F1C-994F-687C07B593BD}
		{4D095630-4638-40C6-ADBC-2D9354B41A25} = {9AF879E2-D78B-4F1C-994F-687C07B593BD}
		{BCCB466A-1CEA-4D6C-963D-82FA16E259F4} = {9EE2E1F4-F379-4F5A-A48F-E7470076EBB9}
		{E220B1D5-D866-4623-9A63-5AA81EF93302} = {9EE2E1F4-F379-4F5A-A48F-E7470076EBB9}
		{BB2A8A38-6961-44E1-825C-A29132CDB54C} = {3A2E6D77-39E8-464A-A857-5DDF129436F8}
		{EA1B0A05-D18C-41C7-92C3-984820DEE992} = {9D9873EB-36C3-4258-A5F1-E2584D5D088A}
		{F115F440-880A-4C8B-8027-9B7B2441DEBB} = {3A2E6D77-39E8-464A-A857-5DDF129436F8}
	EndGlobalSection
EndGlobal
