
Microsoft Visual Studio Solution File, Format Version 12.00
Project("{FAE04EC0-301F-11D3-BF4B-00C04F79EFBC}") = "CreditCardModule.Domain.Tests.Unit", "CreditCardModule.Domain.Tests.Unit\CreditCardModule.Domain.Tests.Unit.csproj", "{E485CC53-487E-4AB0-96F0-6BFAB8D6D17D}"
EndProject
Project("{FAE04EC0-301F-11D3-BF4B-00C04F79EFBC}") = "BankAccountModule.Application.Tests.Acceptance", "BankAccountModule.Application.Tests.Acceptance\BankAccountModule.Application.Tests.Acceptance.csproj", "{F0AF5209-2821-4B31-B294-2EF42DD7FD96}"
EndProject
Project("{FAE04EC0-301F-11D3-BF4B-00C04F79EFBC}") = "Db.SqlServer", "Db.SqlServer\Db.SqlServer.csproj", "{B1B2E9A0-DDCC-4B35-AB92-BC489F9D9263}"
EndProject
Project("{FAE04EC0-301F-11D3-BF4B-00C04F79EFBC}") = "CreditCardModule.Api.Tests", "CreditCardModule.Api.Tests\CreditCardModule.Api.Tests.csproj", "{BC2C5EE2-246B-4FF5-B4D5-6A0EA96DB852}"
EndProject
Project("{FAE04EC0-301F-11D3-BF4B-00C04F79EFBC}") = "CreditCardModule.Application", "CreditCardModule.Application\CreditCardModule.Application.csproj", "{228B0ED3-6441-433F-93B1-8DDDF959CFF5}"
EndProject
Project("{FAE04EC0-301F-11D3-BF4B-00C04F79EFBC}") = "CreditCardModule.Db.SqlServer", "CreditCardModule.Db.SqlServer\CreditCardModule.Db.SqlServer.csproj", "{0D3DA38B-E672-4106-B8E8-36870B453381}"
EndProject
Project("{FAE04EC0-301F-11D3-BF4B-00C04F79EFBC}") = "CreditCardModule.Domain", "CreditCardModule.Domain\CreditCardModule.Domain.csproj", "{EB61D16A-6185-4BC4-A899-73AE8609F62D}"
EndProject
Project("{FAE04EC0-301F-11D3-BF4B-00C04F79EFBC}") = "BankAccountModule.Domain", "BankAccountModule.Domain\BankAccountModule.Domain.csproj", "{E1014C80-F90C-4143-8886-D5323DC9A11B}"
EndProject
Project("{FAE04EC0-301F-11D3-BF4B-00C04F79EFBC}") = "BankAccountModule.Application", "BankAccountModule.Application\BankAccountModule.Application.csproj", "{969733B0-4517-4AAF-8F7C-45ABCA476699}"
EndProject
Project("{FAE04EC0-301F-11D3-BF4B-00C04F79EFBC}") = "BankAccountModule.Db.SqlServer", "BankAccountModule.Db.SqlServer\BankAccountModule.Db.SqlServer.csproj", "{174E80A9-3278-4E82-B821-E960C2681608}"
EndProject
Project("{2150E333-8FDC-42A3-9474-1A3956D46DE8}") = "SolutionItems", "SolutionItems", "{6097750C-A7D6-486D-A176-3AB0F9820549}"
	ProjectSection(SolutionItems) = preProject
		tye.yaml = tye.yaml
		README.md = README.md
	EndProjectSection
EndProject
Project("{FAE04EC0-301F-11D3-BF4B-00C04F79EFBC}") = "Gateway", "Gateway\Gateway.csproj", "{AAF304C4-8370-4887-8DC4-8A4CEDE8F1CB}"
EndProject
Project("{FAE04EC0-301F-11D3-BF4B-00C04F79EFBC}") = "CreditCardModule.Api", "CreditCardModule.Api\CreditCardModule.Api.csproj", "{A73714D3-46AC-4E3A-8B8D-42317A3F07A0}"
EndProject
Project("{FAE04EC0-301F-11D3-BF4B-00C04F79EFBC}") = "BankAccountModule.Api", "BankAccountModule.Api\BankAccountModule.Api.csproj", "{E1A4B4C0-18EB-4468-85FF-5CC2AE4E0751}"
EndProject
Project("{FAE04EC0-301F-11D3-BF4B-00C04F79EFBC}") = "CreditCardModule.Infrastructure.Db.Sql", "CreditCardModule.Infrastructure.Db.Sql\CreditCardModule.Infrastructure.Db.Sql.csproj", "{80A178AA-72BD-4279-ADA6-830548B44243}"
EndProject
Project("{FAE04EC0-301F-11D3-BF4B-00C04F79EFBC}") = "BankAccount.Infrastructure.Db.Sql", "BankAccount.Infrastructure.Db.Sql\BankAccount.Infrastructure.Db.Sql.csproj", "{E36E4E66-D837-4C78-BF07-CB7A907F3868}"
EndProject
Project("{FAE04EC0-301F-11D3-BF4B-00C04F79EFBC}") = "Web.Common", "Web.Common\Web.Common.csproj", "{1E651B6D-59B4-4782-ABD8-6ED1497C77C7}"
EndProject
Project("{FAE04EC0-301F-11D3-BF4B-00C04F79EFBC}") = "BankAccountModule.Domain.Tests.Unit", "BankAccountModule.Domain.Tests.Unit\BankAccountModule.Domain.Tests.Unit.csproj", "{7E9C9E08-2F58-481A-AFC4-F6A1C90DD94A}"
EndProject
Project("{FAE04EC0-301F-11D3-BF4B-00C04F79EFBC}") = "BankAccountModule.Api.Tests", "BankAccountModule.Api.Tests\BankAccountModule.Api.Tests.csproj", "{12D7CB93-EAEA-4E22-AF51-8F38727D0917}"
EndProject
Project("{2150E333-8FDC-42A3-9474-1A3956D46DE8}") = "pipeline", "pipeline", "{DE9F3B79-771D-4F22-8707-3C4ED95D02F4}"
	ProjectSection(SolutionItems) = preProject
		.github\workflows\dotnet.yml = .github\workflows\dotnet.yml
	EndProjectSection
EndProject
Global
	GlobalSection(SolutionConfigurationPlatforms) = preSolution
		Debug|Any CPU = Debug|Any CPU
		Release|Any CPU = Release|Any CPU
		IntegrationTests|Any CPU = IntegrationTests|Any CPU
	EndGlobalSection
	GlobalSection(ProjectConfigurationPlatforms) = postSolution
		{E485CC53-487E-4AB0-96F0-6BFAB8D6D17D}.Debug|Any CPU.ActiveCfg = Debug|Any CPU
		{E485CC53-487E-4AB0-96F0-6BFAB8D6D17D}.Debug|Any CPU.Build.0 = Debug|Any CPU
		{E485CC53-487E-4AB0-96F0-6BFAB8D6D17D}.Release|Any CPU.ActiveCfg = Release|Any CPU
		{E485CC53-487E-4AB0-96F0-6BFAB8D6D17D}.Release|Any CPU.Build.0 = Release|Any CPU
		{E485CC53-487E-4AB0-96F0-6BFAB8D6D17D}.IntegrationTests|Any CPU.ActiveCfg = IntegrationTests|Any CPU
		{E485CC53-487E-4AB0-96F0-6BFAB8D6D17D}.IntegrationTests|Any CPU.Build.0 = IntegrationTests|Any CPU
		{F0AF5209-2821-4B31-B294-2EF42DD7FD96}.Debug|Any CPU.ActiveCfg = Debug|Any CPU
		{F0AF5209-2821-4B31-B294-2EF42DD7FD96}.Debug|Any CPU.Build.0 = Debug|Any CPU
		{F0AF5209-2821-4B31-B294-2EF42DD7FD96}.Release|Any CPU.ActiveCfg = Release|Any CPU
		{F0AF5209-2821-4B31-B294-2EF42DD7FD96}.Release|Any CPU.Build.0 = Release|Any CPU
		{F0AF5209-2821-4B31-B294-2EF42DD7FD96}.IntegrationTests|Any CPU.ActiveCfg = IntegrationTests|Any CPU
		{F0AF5209-2821-4B31-B294-2EF42DD7FD96}.IntegrationTests|Any CPU.Build.0 = IntegrationTests|Any CPU
		{B1B2E9A0-DDCC-4B35-AB92-BC489F9D9263}.Debug|Any CPU.ActiveCfg = Debug|Any CPU
		{B1B2E9A0-DDCC-4B35-AB92-BC489F9D9263}.Debug|Any CPU.Build.0 = Debug|Any CPU
		{B1B2E9A0-DDCC-4B35-AB92-BC489F9D9263}.Release|Any CPU.ActiveCfg = Release|Any CPU
		{B1B2E9A0-DDCC-4B35-AB92-BC489F9D9263}.Release|Any CPU.Build.0 = Release|Any CPU
		{B1B2E9A0-DDCC-4B35-AB92-BC489F9D9263}.IntegrationTests|Any CPU.ActiveCfg = IntegrationTests|Any CPU
		{B1B2E9A0-DDCC-4B35-AB92-BC489F9D9263}.IntegrationTests|Any CPU.Build.0 = IntegrationTests|Any CPU
		{BC2C5EE2-246B-4FF5-B4D5-6A0EA96DB852}.Debug|Any CPU.ActiveCfg = Debug|Any CPU
		{BC2C5EE2-246B-4FF5-B4D5-6A0EA96DB852}.Debug|Any CPU.Build.0 = Debug|Any CPU
		{BC2C5EE2-246B-4FF5-B4D5-6A0EA96DB852}.Release|Any CPU.ActiveCfg = Release|Any CPU
		{BC2C5EE2-246B-4FF5-B4D5-6A0EA96DB852}.Release|Any CPU.Build.0 = Release|Any CPU
		{BC2C5EE2-246B-4FF5-B4D5-6A0EA96DB852}.IntegrationTests|Any CPU.ActiveCfg = IntegrationTests|Any CPU
		{BC2C5EE2-246B-4FF5-B4D5-6A0EA96DB852}.IntegrationTests|Any CPU.Build.0 = IntegrationTests|Any CPU
		{228B0ED3-6441-433F-93B1-8DDDF959CFF5}.Debug|Any CPU.ActiveCfg = Debug|Any CPU
		{228B0ED3-6441-433F-93B1-8DDDF959CFF5}.Debug|Any CPU.Build.0 = Debug|Any CPU
		{228B0ED3-6441-433F-93B1-8DDDF959CFF5}.Release|Any CPU.ActiveCfg = Release|Any CPU
		{228B0ED3-6441-433F-93B1-8DDDF959CFF5}.Release|Any CPU.Build.0 = Release|Any CPU
		{228B0ED3-6441-433F-93B1-8DDDF959CFF5}.IntegrationTests|Any CPU.ActiveCfg = Debug|Any CPU
		{228B0ED3-6441-433F-93B1-8DDDF959CFF5}.IntegrationTests|Any CPU.Build.0 = Debug|Any CPU
		{0D3DA38B-E672-4106-B8E8-36870B453381}.Debug|Any CPU.ActiveCfg = Debug|Any CPU
		{0D3DA38B-E672-4106-B8E8-36870B453381}.Debug|Any CPU.Build.0 = Debug|Any CPU
		{0D3DA38B-E672-4106-B8E8-36870B453381}.Release|Any CPU.ActiveCfg = Release|Any CPU
		{0D3DA38B-E672-4106-B8E8-36870B453381}.Release|Any CPU.Build.0 = Release|Any CPU
		{0D3DA38B-E672-4106-B8E8-36870B453381}.IntegrationTests|Any CPU.ActiveCfg = Debug|Any CPU
		{0D3DA38B-E672-4106-B8E8-36870B453381}.IntegrationTests|Any CPU.Build.0 = Debug|Any CPU
		{EB61D16A-6185-4BC4-A899-73AE8609F62D}.Debug|Any CPU.ActiveCfg = Debug|Any CPU
		{EB61D16A-6185-4BC4-A899-73AE8609F62D}.Debug|Any CPU.Build.0 = Debug|Any CPU
		{EB61D16A-6185-4BC4-A899-73AE8609F62D}.Release|Any CPU.ActiveCfg = Release|Any CPU
		{EB61D16A-6185-4BC4-A899-73AE8609F62D}.Release|Any CPU.Build.0 = Release|Any CPU
		{EB61D16A-6185-4BC4-A899-73AE8609F62D}.IntegrationTests|Any CPU.ActiveCfg = Debug|Any CPU
		{EB61D16A-6185-4BC4-A899-73AE8609F62D}.IntegrationTests|Any CPU.Build.0 = Debug|Any CPU
		{E1014C80-F90C-4143-8886-D5323DC9A11B}.Debug|Any CPU.ActiveCfg = Debug|Any CPU
		{E1014C80-F90C-4143-8886-D5323DC9A11B}.Debug|Any CPU.Build.0 = Debug|Any CPU
		{E1014C80-F90C-4143-8886-D5323DC9A11B}.Release|Any CPU.ActiveCfg = Release|Any CPU
		{E1014C80-F90C-4143-8886-D5323DC9A11B}.Release|Any CPU.Build.0 = Release|Any CPU
		{E1014C80-F90C-4143-8886-D5323DC9A11B}.IntegrationTests|Any CPU.ActiveCfg = Debug|Any CPU
		{E1014C80-F90C-4143-8886-D5323DC9A11B}.IntegrationTests|Any CPU.Build.0 = Debug|Any CPU
		{969733B0-4517-4AAF-8F7C-45ABCA476699}.Debug|Any CPU.ActiveCfg = Debug|Any CPU
		{969733B0-4517-4AAF-8F7C-45ABCA476699}.Debug|Any CPU.Build.0 = Debug|Any CPU
		{969733B0-4517-4AAF-8F7C-45ABCA476699}.Release|Any CPU.ActiveCfg = Release|Any CPU
		{969733B0-4517-4AAF-8F7C-45ABCA476699}.Release|Any CPU.Build.0 = Release|Any CPU
		{969733B0-4517-4AAF-8F7C-45ABCA476699}.IntegrationTests|Any CPU.ActiveCfg = Debug|Any CPU
		{969733B0-4517-4AAF-8F7C-45ABCA476699}.IntegrationTests|Any CPU.Build.0 = Debug|Any CPU
		{174E80A9-3278-4E82-B821-E960C2681608}.Debug|Any CPU.ActiveCfg = Debug|Any CPU
		{174E80A9-3278-4E82-B821-E960C2681608}.Debug|Any CPU.Build.0 = Debug|Any CPU
		{174E80A9-3278-4E82-B821-E960C2681608}.Release|Any CPU.ActiveCfg = Release|Any CPU
		{174E80A9-3278-4E82-B821-E960C2681608}.Release|Any CPU.Build.0 = Release|Any CPU
		{174E80A9-3278-4E82-B821-E960C2681608}.IntegrationTests|Any CPU.ActiveCfg = Debug|Any CPU
		{174E80A9-3278-4E82-B821-E960C2681608}.IntegrationTests|Any CPU.Build.0 = Debug|Any CPU
		{AAF304C4-8370-4887-8DC4-8A4CEDE8F1CB}.Debug|Any CPU.ActiveCfg = Debug|Any CPU
		{AAF304C4-8370-4887-8DC4-8A4CEDE8F1CB}.Debug|Any CPU.Build.0 = Debug|Any CPU
		{AAF304C4-8370-4887-8DC4-8A4CEDE8F1CB}.Release|Any CPU.ActiveCfg = Release|Any CPU
		{AAF304C4-8370-4887-8DC4-8A4CEDE8F1CB}.Release|Any CPU.Build.0 = Release|Any CPU
		{AAF304C4-8370-4887-8DC4-8A4CEDE8F1CB}.IntegrationTests|Any CPU.ActiveCfg = Debug|Any CPU
		{AAF304C4-8370-4887-8DC4-8A4CEDE8F1CB}.IntegrationTests|Any CPU.Build.0 = Debug|Any CPU
		{A73714D3-46AC-4E3A-8B8D-42317A3F07A0}.Debug|Any CPU.ActiveCfg = Debug|Any CPU
		{A73714D3-46AC-4E3A-8B8D-42317A3F07A0}.Debug|Any CPU.Build.0 = Debug|Any CPU
		{A73714D3-46AC-4E3A-8B8D-42317A3F07A0}.Release|Any CPU.ActiveCfg = Release|Any CPU
		{A73714D3-46AC-4E3A-8B8D-42317A3F07A0}.Release|Any CPU.Build.0 = Release|Any CPU
		{A73714D3-46AC-4E3A-8B8D-42317A3F07A0}.IntegrationTests|Any CPU.ActiveCfg = Debug|Any CPU
		{A73714D3-46AC-4E3A-8B8D-42317A3F07A0}.IntegrationTests|Any CPU.Build.0 = Debug|Any CPU
		{E1A4B4C0-18EB-4468-85FF-5CC2AE4E0751}.Debug|Any CPU.ActiveCfg = Debug|Any CPU
		{E1A4B4C0-18EB-4468-85FF-5CC2AE4E0751}.Debug|Any CPU.Build.0 = Debug|Any CPU
		{E1A4B4C0-18EB-4468-85FF-5CC2AE4E0751}.Release|Any CPU.ActiveCfg = Release|Any CPU
		{E1A4B4C0-18EB-4468-85FF-5CC2AE4E0751}.Release|Any CPU.Build.0 = Release|Any CPU
		{E1A4B4C0-18EB-4468-85FF-5CC2AE4E0751}.IntegrationTests|Any CPU.ActiveCfg = Debug|Any CPU
		{E1A4B4C0-18EB-4468-85FF-5CC2AE4E0751}.IntegrationTests|Any CPU.Build.0 = Debug|Any CPU
		{80A178AA-72BD-4279-ADA6-830548B44243}.Debug|Any CPU.ActiveCfg = Debug|Any CPU
		{80A178AA-72BD-4279-ADA6-830548B44243}.Debug|Any CPU.Build.0 = Debug|Any CPU
		{80A178AA-72BD-4279-ADA6-830548B44243}.Release|Any CPU.ActiveCfg = Release|Any CPU
		{80A178AA-72BD-4279-ADA6-830548B44243}.Release|Any CPU.Build.0 = Release|Any CPU
		{80A178AA-72BD-4279-ADA6-830548B44243}.IntegrationTests|Any CPU.ActiveCfg = Debug|Any CPU
		{80A178AA-72BD-4279-ADA6-830548B44243}.IntegrationTests|Any CPU.Build.0 = Debug|Any CPU
		{E36E4E66-D837-4C78-BF07-CB7A907F3868}.Debug|Any CPU.ActiveCfg = Debug|Any CPU
		{E36E4E66-D837-4C78-BF07-CB7A907F3868}.Debug|Any CPU.Build.0 = Debug|Any CPU
		{E36E4E66-D837-4C78-BF07-CB7A907F3868}.Release|Any CPU.ActiveCfg = Release|Any CPU
		{E36E4E66-D837-4C78-BF07-CB7A907F3868}.Release|Any CPU.Build.0 = Release|Any CPU
		{E36E4E66-D837-4C78-BF07-CB7A907F3868}.IntegrationTests|Any CPU.ActiveCfg = Debug|Any CPU
		{E36E4E66-D837-4C78-BF07-CB7A907F3868}.IntegrationTests|Any CPU.Build.0 = Debug|Any CPU
		{1E651B6D-59B4-4782-ABD8-6ED1497C77C7}.Debug|Any CPU.ActiveCfg = Debug|Any CPU
		{1E651B6D-59B4-4782-ABD8-6ED1497C77C7}.Debug|Any CPU.Build.0 = Debug|Any CPU
		{1E651B6D-59B4-4782-ABD8-6ED1497C77C7}.Release|Any CPU.ActiveCfg = Release|Any CPU
		{1E651B6D-59B4-4782-ABD8-6ED1497C77C7}.Release|Any CPU.Build.0 = Release|Any CPU
		{1E651B6D-59B4-4782-ABD8-6ED1497C77C7}.IntegrationTests|Any CPU.ActiveCfg = Debug|Any CPU
		{1E651B6D-59B4-4782-ABD8-6ED1497C77C7}.IntegrationTests|Any CPU.Build.0 = Debug|Any CPU
		{7E9C9E08-2F58-481A-AFC4-F6A1C90DD94A}.Debug|Any CPU.ActiveCfg = Debug|Any CPU
		{7E9C9E08-2F58-481A-AFC4-F6A1C90DD94A}.Debug|Any CPU.Build.0 = Debug|Any CPU
		{7E9C9E08-2F58-481A-AFC4-F6A1C90DD94A}.Release|Any CPU.ActiveCfg = Release|Any CPU
		{7E9C9E08-2F58-481A-AFC4-F6A1C90DD94A}.Release|Any CPU.Build.0 = Release|Any CPU
		{7E9C9E08-2F58-481A-AFC4-F6A1C90DD94A}.IntegrationTests|Any CPU.ActiveCfg = IntegrationTests|Any CPU
		{7E9C9E08-2F58-481A-AFC4-F6A1C90DD94A}.IntegrationTests|Any CPU.Build.0 = IntegrationTests|Any CPU
		{12D7CB93-EAEA-4E22-AF51-8F38727D0917}.Debug|Any CPU.ActiveCfg = Debug|Any CPU
		{12D7CB93-EAEA-4E22-AF51-8F38727D0917}.Debug|Any CPU.Build.0 = Debug|Any CPU
		{12D7CB93-EAEA-4E22-AF51-8F38727D0917}.Release|Any CPU.ActiveCfg = Release|Any CPU
		{12D7CB93-EAEA-4E22-AF51-8F38727D0917}.Release|Any CPU.Build.0 = Release|Any CPU
		{12D7CB93-EAEA-4E22-AF51-8F38727D0917}.IntegrationTests|Any CPU.ActiveCfg = IntegrationTests|Any CPU
		{12D7CB93-EAEA-4E22-AF51-8F38727D0917}.IntegrationTests|Any CPU.Build.0 = IntegrationTests|Any CPU
	EndGlobalSection
	GlobalSection(NestedProjects) = preSolution
		{DE9F3B79-771D-4F22-8707-3C4ED95D02F4} = {6097750C-A7D6-486D-A176-3AB0F9820549}
	EndGlobalSection
EndGlobal
